
Microsoft Visual Studio Solution File, Format Version 12.00
# Visual Studio Version 17
VisualStudioVersion = 17.3.32901.215
MinimumVisualStudioVersion = 10.0.40219.1
Project("{FAE04EC0-301F-11D3-BF4B-00C04F79EFBC}") = "B1", "B1.csproj", "{36BFBF15-BF43-48FD-8C4D-75C55EE783FA}"
EndProject
Global
	GlobalSection(SolutionConfigurationPlatforms) = preSolution
		Debug|Any CPU = Debug|Any CPU
		Release|Any CPU = Release|Any CPU
	EndGlobalSection
	GlobalSection(ProjectConfigurationPlatforms) = postSolution
		{36BFBF15-BF43-48FD-8C4D-75C55EE783FA}.Debug|Any CPU.ActiveCfg = Debug|Any CPU
		{36BFBF15-BF43-48FD-8C4D-75C55EE783FA}.Debug|Any CPU.Build.0 = Debug|Any CPU
		{36BFBF15-BF43-48FD-8C4D-75C55EE783FA}.Release|Any CPU.ActiveCfg = Release|Any CPU
		{36BFBF15-BF43-48FD-8C4D-75C55EE783FA}.Release|Any CPU.Build.0 = Release|Any CPU
	EndGlobalSection
	GlobalSection(SolutionProperties) = preSolution
		HideSolutionNode = FALSE
	EndGlobalSection
	GlobalSection(ExtensibilityGlobals) = postSolution
		SolutionGuid = {993E9AD8-520D-4504-9984-433AAB39B1B4}
	EndGlobalSection
EndGlobal
